// !$*UTF8*$!
{
	archiveVersion = 1;
	classes = {
	};
	objectVersion = 50;
	objects = {

/* Begin PBXBuildFile section */
		4F0150132635F15500738E77 /* AppDelegate.swift in Sources */ = {isa = PBXBuildFile; fileRef = 4F0150122635F15500738E77 /* AppDelegate.swift */; };
		4F0150152635F15500738E77 /* SceneDelegate.swift in Sources */ = {isa = PBXBuildFile; fileRef = 4F0150142635F15500738E77 /* SceneDelegate.swift */; };
		4F0150172635F15500738E77 /* AuthViewController.swift in Sources */ = {isa = PBXBuildFile; fileRef = 4F0150162635F15500738E77 /* AuthViewController.swift */; };
		4F01501C2635F15700738E77 /* Assets.xcassets in Resources */ = {isa = PBXBuildFile; fileRef = 4F01501B2635F15700738E77 /* Assets.xcassets */; };
		4F01501F2635F15700738E77 /* LaunchScreen.storyboard in Resources */ = {isa = PBXBuildFile; fileRef = 4F01501D2635F15700738E77 /* LaunchScreen.storyboard */; };
		4F59FDCB263B217300E0A076 /* UIButton+Extension.swift in Sources */ = {isa = PBXBuildFile; fileRef = 4F59FDCA263B217300E0A076 /* UIButton+Extension.swift */; };
		4F59FDCF263B26B500E0A076 /* UIFont+Extension.swift in Sources */ = {isa = PBXBuildFile; fileRef = 4F59FDCE263B26B500E0A076 /* UIFont+Extension.swift */; };
		4F816EA6263BE149009EE2EE /* UIColor+Extension.swift in Sources */ = {isa = PBXBuildFile; fileRef = 4F816EA5263BE149009EE2EE /* UIColor+Extension.swift */; };
		4F816EA8263BEB89009EE2EE /* UILabel+Extension.swift in Sources */ = {isa = PBXBuildFile; fileRef = 4F816EA7263BEB89009EE2EE /* UILabel+Extension.swift */; };
		4F816EAA263C09D3009EE2EE /* UIImageView+Extension.swift in Sources */ = {isa = PBXBuildFile; fileRef = 4F816EA9263C09D3009EE2EE /* UIImageView+Extension.swift */; };
		4F816EAE263C214D009EE2EE /* ButtonFormView.swift in Sources */ = {isa = PBXBuildFile; fileRef = 4F816EAD263C214D009EE2EE /* ButtonFormView.swift */; };
/* End PBXBuildFile section */

/* Begin PBXFileReference section */
		4F01500F2635F15500738E77 /* GuTock.app */ = {isa = PBXFileReference; explicitFileType = wrapper.application; includeInIndex = 0; path = GuTock.app; sourceTree = BUILT_PRODUCTS_DIR; };
		4F0150122635F15500738E77 /* AppDelegate.swift */ = {isa = PBXFileReference; lastKnownFileType = sourcecode.swift; path = AppDelegate.swift; sourceTree = "<group>"; };
		4F0150142635F15500738E77 /* SceneDelegate.swift */ = {isa = PBXFileReference; lastKnownFileType = sourcecode.swift; path = SceneDelegate.swift; sourceTree = "<group>"; };
		4F0150162635F15500738E77 /* AuthViewController.swift */ = {isa = PBXFileReference; lastKnownFileType = sourcecode.swift; path = AuthViewController.swift; sourceTree = "<group>"; };
		4F01501B2635F15700738E77 /* Assets.xcassets */ = {isa = PBXFileReference; lastKnownFileType = folder.assetcatalog; path = Assets.xcassets; sourceTree = "<group>"; };
		4F01501E2635F15700738E77 /* Base */ = {isa = PBXFileReference; lastKnownFileType = file.storyboard; name = Base; path = Base.lproj/LaunchScreen.storyboard; sourceTree = "<group>"; };
		4F0150202635F15700738E77 /* Info.plist */ = {isa = PBXFileReference; lastKnownFileType = text.plist.xml; path = Info.plist; sourceTree = "<group>"; };
		4F59FDCA263B217300E0A076 /* UIButton+Extension.swift */ = {isa = PBXFileReference; lastKnownFileType = sourcecode.swift; path = "UIButton+Extension.swift"; sourceTree = "<group>"; };
		4F59FDCE263B26B500E0A076 /* UIFont+Extension.swift */ = {isa = PBXFileReference; lastKnownFileType = sourcecode.swift; path = "UIFont+Extension.swift"; sourceTree = "<group>"; };
		4F816EA5263BE149009EE2EE /* UIColor+Extension.swift */ = {isa = PBXFileReference; lastKnownFileType = sourcecode.swift; path = "UIColor+Extension.swift"; sourceTree = "<group>"; };
		4F816EA7263BEB89009EE2EE /* UILabel+Extension.swift */ = {isa = PBXFileReference; lastKnownFileType = sourcecode.swift; path = "UILabel+Extension.swift"; sourceTree = "<group>"; };
		4F816EA9263C09D3009EE2EE /* UIImageView+Extension.swift */ = {isa = PBXFileReference; lastKnownFileType = sourcecode.swift; path = "UIImageView+Extension.swift"; sourceTree = "<group>"; };
		4F816EAD263C214D009EE2EE /* ButtonFormView.swift */ = {isa = PBXFileReference; lastKnownFileType = sourcecode.swift; path = ButtonFormView.swift; sourceTree = "<group>"; };
/* End PBXFileReference section */

/* Begin PBXFrameworksBuildPhase section */
		4F01500C2635F15500738E77 /* Frameworks */ = {
			isa = PBXFrameworksBuildPhase;
			buildActionMask = 2147483647;
			files = (
			);
			runOnlyForDeploymentPostprocessing = 0;
		};
/* End PBXFrameworksBuildPhase section */

/* Begin PBXGroup section */
		4F0150062635F15500738E77 = {
			isa = PBXGroup;
			children = (
				4F0150112635F15500738E77 /* GuTock */,
				4F0150102635F15500738E77 /* Products */,
			);
			sourceTree = "<group>";
		};
		4F0150102635F15500738E77 /* Products */ = {
			isa = PBXGroup;
			children = (
				4F01500F2635F15500738E77 /* GuTock.app */,
			);
			name = Products;
			sourceTree = "<group>";
		};
		4F0150112635F15500738E77 /* GuTock */ = {
			isa = PBXGroup;
			children = (
				4F0150122635F15500738E77 /* AppDelegate.swift */,
				4F0150142635F15500738E77 /* SceneDelegate.swift */,
				4F0150162635F15500738E77 /* AuthViewController.swift */,
				4F816EAC263C0E48009EE2EE /* Extensions */,
				4F01501B2635F15700738E77 /* Assets.xcassets */,
				4F01501D2635F15700738E77 /* LaunchScreen.storyboard */,
				4F0150202635F15700738E77 /* Info.plist */,
			);
			path = GuTock;
			sourceTree = "<group>";
		};
		4F816EAB263C0E2D009EE2EE /* UIKit */ = {
			isa = PBXGroup;
			children = (
				4F816EA9263C09D3009EE2EE /* UIImageView+Extension.swift */,
				4F816EA5263BE149009EE2EE /* UIColor+Extension.swift */,
				4F59FDCA263B217300E0A076 /* UIButton+Extension.swift */,
				4F59FDCE263B26B500E0A076 /* UIFont+Extension.swift */,
				4F816EA7263BEB89009EE2EE /* UILabel+Extension.swift */,
			);
			path = UIKit;
			sourceTree = "<group>";
		};
		4F816EAC263C0E48009EE2EE /* Extensions */ = {
			isa = PBXGroup;
			children = (
				4F816EAD263C214D009EE2EE /* ButtonFormView.swift */,
				4F816EAB263C0E2D009EE2EE /* UIKit */,
			);
			path = Extensions;
			sourceTree = "<group>";
		};
/* End PBXGroup section */

/* Begin PBXNativeTarget section */
		4F01500E2635F15500738E77 /* GuTock */ = {
			isa = PBXNativeTarget;
			buildConfigurationList = 4F0150232635F15700738E77 /* Build configuration list for PBXNativeTarget "GuTock" */;
			buildPhases = (
				4F01500B2635F15500738E77 /* Sources */,
				4F01500C2635F15500738E77 /* Frameworks */,
				4F01500D2635F15500738E77 /* Resources */,
			);
			buildRules = (
			);
			dependencies = (
			);
			name = GuTock;
			productName = GuTock;
			productReference = 4F01500F2635F15500738E77 /* GuTock.app */;
			productType = "com.apple.product-type.application";
		};
/* End PBXNativeTarget section */

/* Begin PBXProject section */
		4F0150072635F15500738E77 /* Project object */ = {
			isa = PBXProject;
			attributes = {
				LastSwiftUpdateCheck = 1240;
				LastUpgradeCheck = 1240;
				TargetAttributes = {
					4F01500E2635F15500738E77 = {
						CreatedOnToolsVersion = 12.4;
					};
				};
			};
			buildConfigurationList = 4F01500A2635F15500738E77 /* Build configuration list for PBXProject "GuTock" */;
			compatibilityVersion = "Xcode 9.3";
			developmentRegion = en;
			hasScannedForEncodings = 0;
			knownRegions = (
				en,
				Base,
			);
			mainGroup = 4F0150062635F15500738E77;
			productRefGroup = 4F0150102635F15500738E77 /* Products */;
			projectDirPath = "";
			projectRoot = "";
			targets = (
				4F01500E2635F15500738E77 /* GuTock */,
			);
		};
/* End PBXProject section */

/* Begin PBXResourcesBuildPhase section */
		4F01500D2635F15500738E77 /* Resources */ = {
			isa = PBXResourcesBuildPhase;
			buildActionMask = 2147483647;
			files = (
				4F01501F2635F15700738E77 /* LaunchScreen.storyboard in Resources */,
				4F01501C2635F15700738E77 /* Assets.xcassets in Resources */,
			);
			runOnlyForDeploymentPostprocessing = 0;
		};
/* End PBXResourcesBuildPhase section */

/* Begin PBXSourcesBuildPhase section */
		4F01500B2635F15500738E77 /* Sources */ = {
			isa = PBXSourcesBuildPhase;
			buildActionMask = 2147483647;
			files = (
				4F0150172635F15500738E77 /* AuthViewController.swift in Sources */,
				4F59FDCB263B217300E0A076 /* UIButton+Extension.swift in Sources */,
				4F816EAA263C09D3009EE2EE /* UIImageView+Extension.swift in Sources */,
				4F816EAE263C214D009EE2EE /* ButtonFormView.swift in Sources */,
				4F0150132635F15500738E77 /* AppDelegate.swift in Sources */,
				4F816EA8263BEB89009EE2EE /* UILabel+Extension.swift in Sources */,
				4F816EA6263BE149009EE2EE /* UIColor+Extension.swift in Sources */,
				4F59FDCF263B26B500E0A076 /* UIFont+Extension.swift in Sources */,
				4F0150152635F15500738E77 /* SceneDelegate.swift in Sources */,
			);
			runOnlyForDeploymentPostprocessing = 0;
		};
/* End PBXSourcesBuildPhase section */

/* Begin PBXVariantGroup section */
		4F01501D2635F15700738E77 /* LaunchScreen.storyboard */ = {
			isa = PBXVariantGroup;
			children = (
				4F01501E2635F15700738E77 /* Base */,
			);
			name = LaunchScreen.storyboard;
			sourceTree = "<group>";
		};
/* End PBXVariantGroup section */

/* Begin XCBuildConfiguration section */
		4F0150212635F15700738E77 /* Debug */ = {
			isa = XCBuildConfiguration;
			buildSettings = {
				ALWAYS_SEARCH_USER_PATHS = NO;
				CLANG_ANALYZER_NONNULL = YES;
				CLANG_ANALYZER_NUMBER_OBJECT_CONVERSION = YES_AGGRESSIVE;
				CLANG_CXX_LANGUAGE_STANDARD = "gnu++14";
				CLANG_CXX_LIBRARY = "libc++";
				CLANG_ENABLE_MODULES = YES;
				CLANG_ENABLE_OBJC_ARC = YES;
				CLANG_ENABLE_OBJC_WEAK = YES;
				CLANG_WARN_BLOCK_CAPTURE_AUTORELEASING = YES;
				CLANG_WARN_BOOL_CONVERSION = YES;
				CLANG_WARN_COMMA = YES;
				CLANG_WARN_CONSTANT_CONVERSION = YES;
				CLANG_WARN_DEPRECATED_OBJC_IMPLEMENTATIONS = YES;
				CLANG_WARN_DIRECT_OBJC_ISA_USAGE = YES_ERROR;
				CLANG_WARN_DOCUMENTATION_COMMENTS = YES;
				CLANG_WARN_EMPTY_BODY = YES;
				CLANG_WARN_ENUM_CONVERSION = YES;
				CLANG_WARN_INFINITE_RECURSION = YES;
				CLANG_WARN_INT_CONVERSION = YES;
				CLANG_WARN_NON_LITERAL_NULL_CONVERSION = YES;
				CLANG_WARN_OBJC_IMPLICIT_RETAIN_SELF = YES;
				CLANG_WARN_OBJC_LITERAL_CONVERSION = YES;
				CLANG_WARN_OBJC_ROOT_CLASS = YES_ERROR;
				CLANG_WARN_QUOTED_INCLUDE_IN_FRAMEWORK_HEADER = YES;
				CLANG_WARN_RANGE_LOOP_ANALYSIS = YES;
				CLANG_WARN_STRICT_PROTOTYPES = YES;
				CLANG_WARN_SUSPICIOUS_MOVE = YES;
				CLANG_WARN_UNGUARDED_AVAILABILITY = YES_AGGRESSIVE;
				CLANG_WARN_UNREACHABLE_CODE = YES;
				CLANG_WARN__DUPLICATE_METHOD_MATCH = YES;
				COPY_PHASE_STRIP = NO;
				DEBUG_INFORMATION_FORMAT = dwarf;
				ENABLE_STRICT_OBJC_MSGSEND = YES;
				ENABLE_TESTABILITY = YES;
				GCC_C_LANGUAGE_STANDARD = gnu11;
				GCC_DYNAMIC_NO_PIC = NO;
				GCC_NO_COMMON_BLOCKS = YES;
				GCC_OPTIMIZATION_LEVEL = 0;
				GCC_PREPROCESSOR_DEFINITIONS = (
					"DEBUG=1",
					"$(inherited)",
				);
				GCC_WARN_64_TO_32_BIT_CONVERSION = YES;
				GCC_WARN_ABOUT_RETURN_TYPE = YES_ERROR;
				GCC_WARN_UNDECLARED_SELECTOR = YES;
				GCC_WARN_UNINITIALIZED_AUTOS = YES_AGGRESSIVE;
				GCC_WARN_UNUSED_FUNCTION = YES;
				GCC_WARN_UNUSED_VARIABLE = YES;
				IPHONEOS_DEPLOYMENT_TARGET = 14.4;
				MTL_ENABLE_DEBUG_INFO = INCLUDE_SOURCE;
				MTL_FAST_MATH = YES;
				ONLY_ACTIVE_ARCH = YES;
				SDKROOT = iphoneos;
				SWIFT_ACTIVE_COMPILATION_CONDITIONS = DEBUG;
				SWIFT_OPTIMIZATION_LEVEL = "-Onone";
			};
			name = Debug;
		};
		4F0150222635F15700738E77 /* Release */ = {
			isa = XCBuildConfiguration;
			buildSettings = {
				ALWAYS_SEARCH_USER_PATHS = NO;
				CLANG_ANALYZER_NONNULL = YES;
				CLANG_ANALYZER_NUMBER_OBJECT_CONVERSION = YES_AGGRESSIVE;
				CLANG_CXX_LANGUAGE_STANDARD = "gnu++14";
				CLANG_CXX_LIBRARY = "libc++";
				CLANG_ENABLE_MODULES = YES;
				CLANG_ENABLE_OBJC_ARC = YES;
				CLANG_ENABLE_OBJC_WEAK = YES;
				CLANG_WARN_BLOCK_CAPTURE_AUTORELEASING = YES;
				CLANG_WARN_BOOL_CONVERSION = YES;
				CLANG_WARN_COMMA = YES;
				CLANG_WARN_CONSTANT_CONVERSION = YES;
				CLANG_WARN_DEPRECATED_OBJC_IMPLEMENTATIONS = YES;
				CLANG_WARN_DIRECT_OBJC_ISA_USAGE = YES_ERROR;
				CLANG_WARN_DOCUMENTATION_COMMENTS = YES;
				CLANG_WARN_EMPTY_BODY = YES;
				CLANG_WARN_ENUM_CONVERSION = YES;
				CLANG_WARN_INFINITE_RECURSION = YES;
				CLANG_WARN_INT_CONVERSION = YES;
				CLANG_WARN_NON_LITERAL_NULL_CONVERSION = YES;
				CLANG_WARN_OBJC_IMPLICIT_RETAIN_SELF = YES;
				CLANG_WARN_OBJC_LITERAL_CONVERSION = YES;
				CLANG_WARN_OBJC_ROOT_CLASS = YES_ERROR;
				CLANG_WARN_QUOTED_INCLUDE_IN_FRAMEWORK_HEADER = YES;
				CLANG_WARN_RANGE_LOOP_ANALYSIS = YES;
				CLANG_WARN_STRICT_PROTOTYPES = YES;
				CLANG_WARN_SUSPICIOUS_MOVE = YES;
				CLANG_WARN_UNGUARDED_AVAILABILITY = YES_AGGRESSIVE;
				CLANG_WARN_UNREACHABLE_CODE = YES;
				CLANG_WARN__DUPLICATE_METHOD_MATCH = YES;
				COPY_PHASE_STRIP = NO;
				DEBUG_INFORMATION_FORMAT = "dwarf-with-dsym";
				ENABLE_NS_ASSERTIONS = NO;
				ENABLE_STRICT_OBJC_MSGSEND = YES;
				GCC_C_LANGUAGE_STANDARD = gnu11;
				GCC_NO_COMMON_BLOCKS = YES;
				GCC_WARN_64_TO_32_BIT_CONVERSION = YES;
				GCC_WARN_ABOUT_RETURN_TYPE = YES_ERROR;
				GCC_WARN_UNDECLARED_SELECTOR = YES;
				GCC_WARN_UNINITIALIZED_AUTOS = YES_AGGRESSIVE;
				GCC_WARN_UNUSED_FUNCTION = YES;
				GCC_WARN_UNUSED_VARIABLE = YES;
				IPHONEOS_DEPLOYMENT_TARGET = 14.4;
				MTL_ENABLE_DEBUG_INFO = NO;
				MTL_FAST_MATH = YES;
				SDKROOT = iphoneos;
				SWIFT_COMPILATION_MODE = wholemodule;
				SWIFT_OPTIMIZATION_LEVEL = "-O";
				VALIDATE_PRODUCT = YES;
			};
			name = Release;
		};
		4F0150242635F15700738E77 /* Debug */ = {
			isa = XCBuildConfiguration;
			buildSettings = {
				ASSETCATALOG_COMPILER_APPICON_NAME = AppIcon;
				ASSETCATALOG_COMPILER_GLOBAL_ACCENT_COLOR_NAME = AccentColor;
				CODE_SIGN_STYLE = Automatic;
				DEVELOPMENT_TEAM = Y333NGDV67;
				INFOPLIST_FILE = GuTock/Info.plist;
				LD_RUNPATH_SEARCH_PATHS = (
					"$(inherited)",
					"@executable_path/Frameworks",
				);
				PRODUCT_BUNDLE_IDENTIFIER = com.vladimirgul.GuTock;
				PRODUCT_NAME = "$(TARGET_NAME)";
				SWIFT_VERSION = 5.0;
				TARGETED_DEVICE_FAMILY = "1,2";
			};
			name = Debug;
		};
		4F0150252635F15700738E77 /* Release */ = {
			isa = XCBuildConfiguration;
			buildSettings = {
				ASSETCATALOG_COMPILER_APPICON_NAME = AppIcon;
				ASSETCATALOG_COMPILER_GLOBAL_ACCENT_COLOR_NAME = AccentColor;
				CODE_SIGN_STYLE = Automatic;
				DEVELOPMENT_TEAM = Y333NGDV67;
				INFOPLIST_FILE = GuTock/Info.plist;
				LD_RUNPATH_SEARCH_PATHS = (
					"$(inherited)",
					"@executable_path/Frameworks",
				);
				PRODUCT_BUNDLE_IDENTIFIER = com.vladimirgul.GuTock;
				PRODUCT_NAME = "$(TARGET_NAME)";
				SWIFT_VERSION = 5.0;
				TARGETED_DEVICE_FAMILY = "1,2";
			};
			name = Release;
		};
/* End XCBuildConfiguration section */

/* Begin XCConfigurationList section */
		4F01500A2635F15500738E77 /* Build configuration list for PBXProject "GuTock" */ = {
			isa = XCConfigurationList;
			buildConfigurations = (
				4F0150212635F15700738E77 /* Debug */,
				4F0150222635F15700738E77 /* Release */,
			);
			defaultConfigurationIsVisible = 0;
			defaultConfigurationName = Release;
		};
		4F0150232635F15700738E77 /* Build configuration list for PBXNativeTarget "GuTock" */ = {
			isa = XCConfigurationList;
			buildConfigurations = (
				4F0150242635F15700738E77 /* Debug */,
				4F0150252635F15700738E77 /* Release */,
			);
			defaultConfigurationIsVisible = 0;
			defaultConfigurationName = Release;
		};
/* End XCConfigurationList section */
	};
	rootObject = 4F0150072635F15500738E77 /* Project object */;
}
